// !$*UTF8*$!
{
	archiveVersion = 1;
	classes = {
	};
	objectVersion = 77;
	objects = {

/* Begin PBXBuildFile section */
		F91370C32E551EE10030E98D /* BleyLog for watchOS.app in Embed Watch Content */ = {isa = PBXBuildFile; fileRef = F91370B92E551EDF0030E98D /* BleyLog for watchOS.app */; settings = {ATTRIBUTES = (RemoveHeadersOnCopy, ); }; };
		F92FFBFB2E64804900901296 /* CloudKit.framework in Frameworks */ = {isa = PBXBuildFile; fileRef = F92FFBFA2E64804900901296 /* CloudKit.framework */; };
		F92FFBFD2E64808500901296 /* CloudKit.framework in Frameworks */ = {isa = PBXBuildFile; fileRef = F92FFBFC2E64808500901296 /* CloudKit.framework */; };
/* End PBXBuildFile section */

/* Begin PBXContainerItemProxy section */
		F91370C12E551EE10030E98D /* PBXContainerItemProxy */ = {
			isa = PBXContainerItemProxy;
			containerPortal = F94691FE2E49185A009E637D /* Project object */;
			proxyType = 1;
			remoteGlobalIDString = F91370B82E551EDF0030E98D;
			remoteInfo = "BleyLogWatch Watch App";
		};
/* End PBXContainerItemProxy section */

/* Begin PBXCopyFilesBuildPhase section */
		F939E76C2E54C8AF0026C7D9 /* Embed Watch Content */ = {
			isa = PBXCopyFilesBuildPhase;
			buildActionMask = 2147483647;
			dstPath = "$(CONTENTS_FOLDER_PATH)/Watch";
			dstSubfolderSpec = 16;
			files = (
				F91370C32E551EE10030E98D /* BleyLog for watchOS.app in Embed Watch Content */,
			);
			name = "Embed Watch Content";
			runOnlyForDeploymentPostprocessing = 0;
		};
/* End PBXCopyFilesBuildPhase section */

/* Begin PBXFileReference section */
		F91370B92E551EDF0030E98D /* BleyLog for watchOS.app */ = {isa = PBXFileReference; explicitFileType = wrapper.application; includeInIndex = 0; path = "BleyLog for watchOS.app"; sourceTree = BUILT_PRODUCTS_DIR; };
		F91370E82E552D070030E98D /* BleyLog for Mac.app */ = {isa = PBXFileReference; explicitFileType = wrapper.application; includeInIndex = 0; path = "BleyLog for Mac.app"; sourceTree = BUILT_PRODUCTS_DIR; };
		F92FF3D72E645C9100901296 /* BleyLog for watchOS.entitlements */ = {isa = PBXFileReference; lastKnownFileType = text.plist.entitlements; path = "BleyLog for watchOS.entitlements"; sourceTree = "<group>"; };
		F92FF3D82E645C9900901296 /* BleyLog-for-watchOS-Info.plist */ = {isa = PBXFileReference; lastKnownFileType = text.plist; path = "BleyLog-for-watchOS-Info.plist"; sourceTree = "<group>"; };
		F92FFBFA2E64804900901296 /* CloudKit.framework */ = {isa = PBXFileReference; lastKnownFileType = wrapper.framework; name = CloudKit.framework; path = Platforms/iPhoneOS.platform/Developer/SDKs/iPhoneOS26.0.sdk/System/Library/Frameworks/CloudKit.framework; sourceTree = DEVELOPER_DIR; };
		F92FFBFC2E64808500901296 /* CloudKit.framework */ = {isa = PBXFileReference; lastKnownFileType = wrapper.framework; name = CloudKit.framework; path = Platforms/WatchOS.platform/Developer/SDKs/WatchOS26.0.sdk/System/Library/Frameworks/CloudKit.framework; sourceTree = DEVELOPER_DIR; };
		F94692062E49185A009E637D /* BleyLog.app */ = {isa = PBXFileReference; explicitFileType = wrapper.application; includeInIndex = 0; path = BleyLog.app; sourceTree = BUILT_PRODUCTS_DIR; };
/* End PBXFileReference section */

/* Begin PBXFileSystemSynchronizedBuildFileExceptionSet section */
		F91370D02E551F0C0030E98D /* Exceptions for "BleyLog" folder in "BleyLog for watchOS" target */ = {
			isa = PBXFileSystemSynchronizedBuildFileExceptionSet;
			membershipExceptions = (
				Extensions/iOS26/Apply.swift,
				Model/Course.swift,
				Model/CourseData.swift,
				Model/Language.swift,
				Model/LanguageData.swift,
				Model/Lesson.swift,
				Model/LessonData.swift,
				Model/ModelData.swift,
				Model/Project.swift,
				Model/ProjectData.swift,
				"Projects/100DaysOfSwiftUI/16-24/GuessTheFlag.swift",
				"Projects/100DaysOfSwiftUI/16-24/GuessTheFlag/FlagImage.swift",
				"Projects/100DaysOfSwiftUI/16-24/TempConvert.swift",
				"Projects/100DaysOfSwiftUI/16-24/WeSplit.swift",
				Projects/100DaysOfSwiftUI/25/RockPaperScissors.swift,
				"Projects/100DaysOfSwiftUI/26-34/Animations.swift",
				"Projects/100DaysOfSwiftUI/26-34/BetterRest.swift",
				"Projects/100DaysOfSwiftUI/26-34/Word Scramble/Model/WSPlayer.swift",
				"Projects/100DaysOfSwiftUI/26-34/Word Scramble/Model/WSUsedWord.swift",
				"Projects/100DaysOfSwiftUI/26-34/Word Scramble/Views/LeaderboardView.swift",
				"Projects/100DaysOfSwiftUI/26-34/Word Scramble/Views/PlayerView.swift",
				"Projects/100DaysOfSwiftUI/26-34/Word Scramble/Views/SetPlayer.swift",
				"Projects/100DaysOfSwiftUI/26-34/WordScramble.swift",
				Projects/100DaysOfSwiftUI/35/Edutainment.swift,
				"Projects/100DaysOfSwiftUI/36-46/iExpense Views/Model/ExpenseItem.swift",
				"Projects/100DaysOfSwiftUI/36-46/iExpense Views/Views/AddView.swift",
				"Projects/100DaysOfSwiftUI/36-46/iExpense Views/Views/ExpenseItemsView.swift",
				"Projects/100DaysOfSwiftUI/36-46/iExpense Views/Views/ExpenseItemView.swift",
				"Projects/100DaysOfSwiftUI/36-46/iExpense.swift",
				"Projects/100DaysOfSwiftUI/36-46/Moonshot Views/AstronautsScrollView.swift",
				"Projects/100DaysOfSwiftUI/36-46/Moonshot Views/AstronautView.swift",
				"Projects/100DaysOfSwiftUI/36-46/Moonshot Views/Color-Theme.swift",
				"Projects/100DaysOfSwiftUI/36-46/Moonshot Views/MissionView.swift",
				"Projects/100DaysOfSwiftUI/36-46/Moonshot Views/MoonshotGridView.swift",
				"Projects/100DaysOfSwiftUI/36-46/Moonshot Views/MoonshotListView.swift",
				"Projects/100DaysOfSwiftUI/36-46/Moonshot.swift",
				"Projects/100DaysOfSwiftUI/36-46/Navigation.swift",
				Projects/100DaysOfSwiftUI/47/Habits.swift,
				"Projects/100DaysOfSwiftUI/49-59/Bookworm.swift",
				"Projects/100DaysOfSwiftUI/49-59/Bookworm/Model/Book.swift",
				"Projects/100DaysOfSwiftUI/49-59/Bookworm/Views/AddBookView.swift",
				"Projects/100DaysOfSwiftUI/49-59/Bookworm/Views/BookDetailView.swift",
				"Projects/100DaysOfSwiftUI/49-59/Bookworm/Views/EmojiRatingView.swift",
				"Projects/100DaysOfSwiftUI/49-59/Bookworm/Views/RatingView.swift",
				"Projects/100DaysOfSwiftUI/49-59/CupcakeCorner.swift",
				"Projects/100DaysOfSwiftUI/49-59/CupcakeCorner/CupcakeCornerModel/Order.swift",
				"Projects/100DaysOfSwiftUI/49-59/CupcakeCorner/CupcakeCornerViews/AdressView.swift",
				"Projects/100DaysOfSwiftUI/49-59/CupcakeCorner/CupcakeCornerViews/CheckoutView.swift",
				"Projects/100DaysOfSwiftUI/49-59/SwiftDataProject.swift",
				"Projects/100DaysOfSwiftUI/49-59/SwiftDataProject/Model/Job.swift",
				"Projects/100DaysOfSwiftUI/49-59/SwiftDataProject/Model/User.swift",
				"Projects/100DaysOfSwiftUI/49-59/SwiftDataProject/Views/EditUserView.swift",
				"Projects/100DaysOfSwiftUI/49-59/SwiftDataProject/Views/UsersView.swift",
				"Projects/100DaysOfSwiftUI/60-61/Model/UserModel.swift",
				"Projects/100DaysOfSwiftUI/60-61/Views/SocialsUserView.swift",
				"Projects/100DaysOfSwiftUI/60-61/Views/SocialsView.swift",
				Resources/AppIcon.icon,
				Resources/Assets.xcassets,
				Resources/Localizable.xcstrings,
				"Resources/ML Data/SleepCalculator.mlmodel",
				"Resources/ProjectsData/Project 5 - Word Scramble/start.txt",
				"Resources/ProjectsData/Project 5 - Word Scramble/words_alpha.txt",
				"Resources/ProjectsData/Project 8 - Moonshot/Astronaut.swift",
				"Resources/ProjectsData/Project 8 - Moonshot/astronauts.json",
				"Resources/ProjectsData/Project 8 - Moonshot/Bundle-Decodable.swift",
				"Resources/ProjectsData/Project 8 - Moonshot/Mission.swift",
				"Resources/ProjectsData/Project 8 - Moonshot/missions.json",
				"Views/Project Detail/ProjectView.swift",
			);
			target = F91370B82E551EDF0030E98D /* BleyLog for watchOS */;
		};
		F91370FC2E552D1F0030E98D /* Exceptions for "BleyLog" folder in "BleyLog for Mac" target */ = {
			isa = PBXFileSystemSynchronizedBuildFileExceptionSet;
			membershipExceptions = (
				Model/Course.swift,
				Model/CourseData.swift,
				Model/Language.swift,
				Model/LanguageData.swift,
				Model/Lesson.swift,
				Model/LessonData.swift,
				Model/ModelData.swift,
				Model/Project.swift,
				Model/ProjectData.swift,
				"Projects/100DaysOfSwiftUI/16-24/GuessTheFlag.swift",
				"Projects/100DaysOfSwiftUI/16-24/GuessTheFlag/FlagImage.swift",
				"Projects/100DaysOfSwiftUI/16-24/TempConvert.swift",
				"Projects/100DaysOfSwiftUI/16-24/WeSplit.swift",
				Projects/100DaysOfSwiftUI/25/RockPaperScissors.swift,
				"Projects/100DaysOfSwiftUI/26-34/Animations.swift",
				"Projects/100DaysOfSwiftUI/26-34/BetterRest.swift",
				"Projects/100DaysOfSwiftUI/26-34/Word Scramble/Model/WSPlayer.swift",
				"Projects/100DaysOfSwiftUI/26-34/Word Scramble/Model/WSUsedWord.swift",
				"Projects/100DaysOfSwiftUI/26-34/Word Scramble/Views/LeaderboardView.swift",
				"Projects/100DaysOfSwiftUI/26-34/Word Scramble/Views/PlayerView.swift",
				"Projects/100DaysOfSwiftUI/26-34/Word Scramble/Views/SetPlayer.swift",
				"Projects/100DaysOfSwiftUI/26-34/WordScramble.swift",
				Projects/100DaysOfSwiftUI/35/Edutainment.swift,
				"Projects/100DaysOfSwiftUI/36-46/iExpense Views/Views/AddView.swift",
				"Projects/100DaysOfSwiftUI/36-46/iExpense Views/Views/ExpenseItemsView.swift",
				"Projects/100DaysOfSwiftUI/36-46/iExpense Views/Views/ExpenseItemView.swift",
				"Projects/100DaysOfSwiftUI/36-46/iExpense.swift",
				"Projects/100DaysOfSwiftUI/36-46/Moonshot Views/AstronautsScrollView.swift",
				"Projects/100DaysOfSwiftUI/36-46/Moonshot Views/AstronautView.swift",
				"Projects/100DaysOfSwiftUI/36-46/Moonshot Views/Color-Theme.swift",
				"Projects/100DaysOfSwiftUI/36-46/Moonshot Views/MissionView.swift",
				"Projects/100DaysOfSwiftUI/36-46/Moonshot Views/MoonshotGridView.swift",
				"Projects/100DaysOfSwiftUI/36-46/Moonshot Views/MoonshotListView.swift",
				"Projects/100DaysOfSwiftUI/36-46/Moonshot.swift",
				"Projects/100DaysOfSwiftUI/36-46/Navigation.swift",
				Projects/100DaysOfSwiftUI/47/Habits.swift,
				"Projects/100DaysOfSwiftUI/49-59/Bookworm.swift",
				"Projects/100DaysOfSwiftUI/49-59/Bookworm/Model/Book.swift",
				"Projects/100DaysOfSwiftUI/49-59/Bookworm/Views/AddBookView.swift",
				"Projects/100DaysOfSwiftUI/49-59/Bookworm/Views/BookDetailView.swift",
				"Projects/100DaysOfSwiftUI/49-59/Bookworm/Views/EmojiRatingView.swift",
				"Projects/100DaysOfSwiftUI/49-59/Bookworm/Views/RatingView.swift",
				"Projects/100DaysOfSwiftUI/60-61/Model/UserModel.swift",
				"Projects/100DaysOfSwiftUI/60-61/Views/SocialsUserView.swift",
				"Projects/100DaysOfSwiftUI/60-61/Views/SocialsView.swift",
				Resources/AppIcon.icon,
				Resources/Assets.xcassets,
				Resources/Localizable.xcstrings,
				"Resources/ML Data/SleepCalculator.mlmodel",
				"Resources/ProjectsData/Project 5 - Word Scramble/start.txt",
				"Resources/ProjectsData/Project 5 - Word Scramble/words_alpha.txt",
				"Resources/ProjectsData/Project 8 - Moonshot/Astronaut.swift",
				"Resources/ProjectsData/Project 8 - Moonshot/astronauts.json",
				"Resources/ProjectsData/Project 8 - Moonshot/Bundle-Decodable.swift",
				"Resources/ProjectsData/Project 8 - Moonshot/Mission.swift",
				"Resources/ProjectsData/Project 8 - Moonshot/missions.json",
				"Views/Project Detail/ProjectView.swift",
			);
			target = F91370E72E552D070030E98D /* BleyLog for Mac */;
		};
		F92FF3D62E645C4C00901296 /* Exceptions for "BleyLog" folder in "BleyLog" target */ = {
			isa = PBXFileSystemSynchronizedBuildFileExceptionSet;
			membershipExceptions = (
				Info.plist,
			);
			target = F94692052E49185A009E637D /* BleyLog */;
		};
/* End PBXFileSystemSynchronizedBuildFileExceptionSet section */

/* Begin PBXFileSystemSynchronizedRootGroup section */
		F91370BA2E551EE00030E98D /* BleyLog for watchOS Watch App */ = {
			isa = PBXFileSystemSynchronizedRootGroup;
			path = "BleyLog for watchOS Watch App";
			sourceTree = "<group>";
		};
		F91370E92E552D070030E98D /* BleyLog for Mac */ = {
			isa = PBXFileSystemSynchronizedRootGroup;
			path = "BleyLog for Mac";
			sourceTree = "<group>";
		};
		F94692082E49185A009E637D /* BleyLog */ = {
			isa = PBXFileSystemSynchronizedRootGroup;
			exceptions = (
				F92FF3D62E645C4C00901296 /* Exceptions for "BleyLog" folder in "BleyLog" target */,
				F91370D02E551F0C0030E98D /* Exceptions for "BleyLog" folder in "BleyLog for watchOS" target */,
				F91370FC2E552D1F0030E98D /* Exceptions for "BleyLog" folder in "BleyLog for Mac" target */,
			);
			path = BleyLog;
			sourceTree = "<group>";
		};
/* End PBXFileSystemSynchronizedRootGroup section */

/* Begin PBXFrameworksBuildPhase section */
		F91370B62E551EDF0030E98D /* Frameworks */ = {
			isa = PBXFrameworksBuildPhase;
			buildActionMask = 2147483647;
			files = (
				F92FFBFD2E64808500901296 /* CloudKit.framework in Frameworks */,
			);
			runOnlyForDeploymentPostprocessing = 0;
		};
		F91370E52E552D070030E98D /* Frameworks */ = {
			isa = PBXFrameworksBuildPhase;
			buildActionMask = 2147483647;
			files = (
			);
			runOnlyForDeploymentPostprocessing = 0;
		};
		F94692032E49185A009E637D /* Frameworks */ = {
			isa = PBXFrameworksBuildPhase;
			buildActionMask = 2147483647;
			files = (
				F92FFBFB2E64804900901296 /* CloudKit.framework in Frameworks */,
			);
			runOnlyForDeploymentPostprocessing = 0;
		};
/* End PBXFrameworksBuildPhase section */

/* Begin PBXGroup section */
		F92FFBF92E64804900901296 /* Frameworks */ = {
			isa = PBXGroup;
			children = (
				F92FFBFC2E64808500901296 /* CloudKit.framework */,
				F92FFBFA2E64804900901296 /* CloudKit.framework */,
			);
			name = Frameworks;
			sourceTree = "<group>";
		};
		F94691FD2E49185A009E637D = {
			isa = PBXGroup;
			children = (
				F92FF3D82E645C9900901296 /* BleyLog-for-watchOS-Info.plist */,
				F92FF3D72E645C9100901296 /* BleyLog for watchOS.entitlements */,
				F94692082E49185A009E637D /* BleyLog */,
				F91370BA2E551EE00030E98D /* BleyLog for watchOS Watch App */,
				F91370E92E552D070030E98D /* BleyLog for Mac */,
				F92FFBF92E64804900901296 /* Frameworks */,
				F94692072E49185A009E637D /* Products */,
			);
			sourceTree = "<group>";
		};
		F94692072E49185A009E637D /* Products */ = {
			isa = PBXGroup;
			children = (
				F94692062E49185A009E637D /* BleyLog.app */,
				F91370B92E551EDF0030E98D /* BleyLog for watchOS.app */,
				F91370E82E552D070030E98D /* BleyLog for Mac.app */,
			);
			name = Products;
			sourceTree = "<group>";
		};
/* End PBXGroup section */

/* Begin PBXNativeTarget section */
		F91370B82E551EDF0030E98D /* BleyLog for watchOS */ = {
			isa = PBXNativeTarget;
			buildConfigurationList = F91370C42E551EE10030E98D /* Build configuration list for PBXNativeTarget "BleyLog for watchOS" */;
			buildPhases = (
				F91370B52E551EDF0030E98D /* Sources */,
				F91370B62E551EDF0030E98D /* Frameworks */,
				F91370B72E551EDF0030E98D /* Resources */,
			);
			buildRules = (
			);
			dependencies = (
			);
			fileSystemSynchronizedGroups = (
				F91370BA2E551EE00030E98D /* BleyLog for watchOS Watch App */,
			);
			name = "BleyLog for watchOS";
			packageProductDependencies = (
			);
			productName = "BleyLogWatch Watch App";
			productReference = F91370B92E551EDF0030E98D /* BleyLog for watchOS.app */;
			productType = "com.apple.product-type.application";
		};
		F91370E72E552D070030E98D /* BleyLog for Mac */ = {
			isa = PBXNativeTarget;
			buildConfigurationList = F91370F22E552D080030E98D /* Build configuration list for PBXNativeTarget "BleyLog for Mac" */;
			buildPhases = (
				F91370E42E552D070030E98D /* Sources */,
				F91370E52E552D070030E98D /* Frameworks */,
				F91370E62E552D070030E98D /* Resources */,
			);
			buildRules = (
			);
			dependencies = (
			);
			fileSystemSynchronizedGroups = (
				F91370E92E552D070030E98D /* BleyLog for Mac */,
			);
			name = "BleyLog for Mac";
			packageProductDependencies = (
			);
			productName = "BleyLog for Mac";
			productReference = F91370E82E552D070030E98D /* BleyLog for Mac.app */;
			productType = "com.apple.product-type.application";
		};
		F94692052E49185A009E637D /* BleyLog */ = {
			isa = PBXNativeTarget;
			buildConfigurationList = F94692122E49185C009E637D /* Build configuration list for PBXNativeTarget "BleyLog" */;
			buildPhases = (
				F94692022E49185A009E637D /* Sources */,
				F94692032E49185A009E637D /* Frameworks */,
				F94692042E49185A009E637D /* Resources */,
				F939E76C2E54C8AF0026C7D9 /* Embed Watch Content */,
			);
			buildRules = (
			);
			dependencies = (
				F91370C22E551EE10030E98D /* PBXTargetDependency */,
			);
			fileSystemSynchronizedGroups = (
				F94692082E49185A009E637D /* BleyLog */,
			);
			name = BleyLog;
			packageProductDependencies = (
			);
			productName = HWS;
			productReference = F94692062E49185A009E637D /* BleyLog.app */;
			productType = "com.apple.product-type.application";
		};
/* End PBXNativeTarget section */

/* Begin PBXProject section */
		F94691FE2E49185A009E637D /* Project object */ = {
			isa = PBXProject;
			attributes = {
				BuildIndependentTargetsInParallel = 1;
				LastSwiftUpdateCheck = 2600;
				LastUpgradeCheck = 2600;
				TargetAttributes = {
					F91370B82E551EDF0030E98D = {
						CreatedOnToolsVersion = 26.0;
					};
					F91370E72E552D070030E98D = {
						CreatedOnToolsVersion = 26.0;
					};
					F94692052E49185A009E637D = {
						CreatedOnToolsVersion = 16.4;
					};
				};
			};
			buildConfigurationList = F94692012E49185A009E637D /* Build configuration list for PBXProject "BleyLog" */;
			developmentRegion = en;
			hasScannedForEncodings = 0;
			knownRegions = (
				en,
				Base,
			);
			mainGroup = F94691FD2E49185A009E637D;
			minimizedProjectReferenceProxies = 1;
			packageReferences = (
			);
			preferredProjectObjectVersion = 77;
			productRefGroup = F94692072E49185A009E637D /* Products */;
			projectDirPath = "";
			projectRoot = "";
			targets = (
				F94692052E49185A009E637D /* BleyLog */,
				F91370B82E551EDF0030E98D /* BleyLog for watchOS */,
				F91370E72E552D070030E98D /* BleyLog for Mac */,
			);
		};
/* End PBXProject section */

/* Begin PBXResourcesBuildPhase section */
		F91370B72E551EDF0030E98D /* Resources */ = {
			isa = PBXResourcesBuildPhase;
			buildActionMask = 2147483647;
			files = (
			);
			runOnlyForDeploymentPostprocessing = 0;
		};
		F91370E62E552D070030E98D /* Resources */ = {
			isa = PBXResourcesBuildPhase;
			buildActionMask = 2147483647;
			files = (
			);
			runOnlyForDeploymentPostprocessing = 0;
		};
		F94692042E49185A009E637D /* Resources */ = {
			isa = PBXResourcesBuildPhase;
			buildActionMask = 2147483647;
			files = (
			);
			runOnlyForDeploymentPostprocessing = 0;
		};
/* End PBXResourcesBuildPhase section */

/* Begin PBXSourcesBuildPhase section */
		F91370B52E551EDF0030E98D /* Sources */ = {
			isa = PBXSourcesBuildPhase;
			buildActionMask = 2147483647;
			files = (
			);
			runOnlyForDeploymentPostprocessing = 0;
		};
		F91370E42E552D070030E98D /* Sources */ = {
			isa = PBXSourcesBuildPhase;
			buildActionMask = 2147483647;
			files = (
			);
			runOnlyForDeploymentPostprocessing = 0;
		};
		F94692022E49185A009E637D /* Sources */ = {
			isa = PBXSourcesBuildPhase;
			buildActionMask = 2147483647;
			files = (
			);
			runOnlyForDeploymentPostprocessing = 0;
		};
/* End PBXSourcesBuildPhase section */

/* Begin PBXTargetDependency section */
		F91370C22E551EE10030E98D /* PBXTargetDependency */ = {
			isa = PBXTargetDependency;
			target = F91370B82E551EDF0030E98D /* BleyLog for watchOS */;
			targetProxy = F91370C12E551EE10030E98D /* PBXContainerItemProxy */;
		};
/* End PBXTargetDependency section */

/* Begin XCBuildConfiguration section */
		F91370C52E551EE10030E98D /* Debug */ = {
			isa = XCBuildConfiguration;
			buildSettings = {
				ASSETCATALOG_COMPILER_APPICON_NAME = AppIcon;
				ASSETCATALOG_COMPILER_GLOBAL_ACCENT_COLOR_NAME = AccentColor;
				CODE_SIGN_ENTITLEMENTS = "BleyLog for watchOS.entitlements";
				CODE_SIGN_STYLE = Automatic;
				CURRENT_PROJECT_VERSION = 11;
				DEVELOPMENT_TEAM = DZT7WAAW32;
				ENABLE_PREVIEWS = YES;
				GENERATE_INFOPLIST_FILE = YES;
				INFOPLIST_FILE = "BleyLog-for-watchOS-Info.plist";
				INFOPLIST_KEY_CFBundleDisplayName = BleyLog;
				INFOPLIST_KEY_ITSAppUsesNonExemptEncryption = NO;
				INFOPLIST_KEY_UISupportedInterfaceOrientations = "UIInterfaceOrientationPortrait UIInterfaceOrientationPortraitUpsideDown";
				INFOPLIST_KEY_WKCompanionAppBundleIdentifier = com.radoslavbley.BleyLog;
				INFOPLIST_KEY_WKRunsIndependentlyOfCompanionApp = YES;
				LD_RUNPATH_SEARCH_PATHS = (
					"$(inherited)",
					"@executable_path/Frameworks",
				);
				MARKETING_VERSION = 1.0;
				PRODUCT_BUNDLE_IDENTIFIER = com.radoslavbley.BleyLog.watchkitapp;
				PRODUCT_NAME = "$(TARGET_NAME)";
				SDKROOT = watchos;
				SKIP_INSTALL = YES;
				STRING_CATALOG_GENERATE_SYMBOLS = YES;
				SWIFT_APPROACHABLE_CONCURRENCY = YES;
				SWIFT_DEFAULT_ACTOR_ISOLATION = MainActor;
				SWIFT_EMIT_LOC_STRINGS = YES;
				SWIFT_UPCOMING_FEATURE_MEMBER_IMPORT_VISIBILITY = YES;
				SWIFT_VERSION = 5.0;
				TARGETED_DEVICE_FAMILY = 4;
				WATCHOS_DEPLOYMENT_TARGET = 10.6;
			};
			name = Debug;
		};
		F91370C62E551EE10030E98D /* Release */ = {
			isa = XCBuildConfiguration;
			buildSettings = {
				ASSETCATALOG_COMPILER_APPICON_NAME = AppIcon;
				ASSETCATALOG_COMPILER_GLOBAL_ACCENT_COLOR_NAME = AccentColor;
				CODE_SIGN_ENTITLEMENTS = "BleyLog for watchOS.entitlements";
				CODE_SIGN_STYLE = Automatic;
				CURRENT_PROJECT_VERSION = 11;
				DEVELOPMENT_TEAM = DZT7WAAW32;
				ENABLE_PREVIEWS = YES;
				GENERATE_INFOPLIST_FILE = YES;
				INFOPLIST_FILE = "BleyLog-for-watchOS-Info.plist";
				INFOPLIST_KEY_CFBundleDisplayName = BleyLog;
				INFOPLIST_KEY_ITSAppUsesNonExemptEncryption = NO;
				INFOPLIST_KEY_UISupportedInterfaceOrientations = "UIInterfaceOrientationPortrait UIInterfaceOrientationPortraitUpsideDown";
				INFOPLIST_KEY_WKCompanionAppBundleIdentifier = com.radoslavbley.BleyLog;
				INFOPLIST_KEY_WKRunsIndependentlyOfCompanionApp = YES;
				LD_RUNPATH_SEARCH_PATHS = (
					"$(inherited)",
					"@executable_path/Frameworks",
				);
				MARKETING_VERSION = 1.0;
				PRODUCT_BUNDLE_IDENTIFIER = com.radoslavbley.BleyLog.watchkitapp;
				PRODUCT_NAME = "$(TARGET_NAME)";
				SDKROOT = watchos;
				SKIP_INSTALL = YES;
				STRING_CATALOG_GENERATE_SYMBOLS = YES;
				SWIFT_APPROACHABLE_CONCURRENCY = YES;
				SWIFT_DEFAULT_ACTOR_ISOLATION = MainActor;
				SWIFT_EMIT_LOC_STRINGS = YES;
				SWIFT_UPCOMING_FEATURE_MEMBER_IMPORT_VISIBILITY = YES;
				SWIFT_VERSION = 5.0;
				TARGETED_DEVICE_FAMILY = 4;
				VALIDATE_PRODUCT = YES;
				WATCHOS_DEPLOYMENT_TARGET = 10.6;
			};
			name = Release;
		};
		F91370F32E552D080030E98D /* Debug */ = {
			isa = XCBuildConfiguration;
			buildSettings = {
				ASSETCATALOG_COMPILER_APPICON_NAME = AppIcon;
				ASSETCATALOG_COMPILER_GLOBAL_ACCENT_COLOR_NAME = AccentColor;
				"CODE_SIGN_IDENTITY[sdk=macosx*]" = "Apple Development";
				CODE_SIGN_STYLE = Automatic;
				COMBINE_HIDPI_IMAGES = YES;
				CURRENT_PROJECT_VERSION = 11;
				DEVELOPMENT_TEAM = DZT7WAAW32;
				ENABLE_APP_SANDBOX = YES;
				ENABLE_HARDENED_RUNTIME = YES;
				ENABLE_PREVIEWS = YES;
				ENABLE_USER_SELECTED_FILES = readonly;
				GENERATE_INFOPLIST_FILE = YES;
				INFOPLIST_FILE = "BleyLog-for-Mac-Info.plist";
				INFOPLIST_KEY_CFBundleDisplayName = BleyLog;
				INFOPLIST_KEY_ITSAppUsesNonExemptEncryption = NO;
				INFOPLIST_KEY_NSHumanReadableCopyright = "Developed by Radoslav Bley";
				LD_RUNPATH_SEARCH_PATHS = (
					"$(inherited)",
					"@executable_path/../Frameworks",
				);
				MACOSX_DEPLOYMENT_TARGET = 15.6;
				MARKETING_VERSION = 1.0;
				PRODUCT_BUNDLE_IDENTIFIER = "com.radoslavbley.BleyLog-for-Mac";
				PRODUCT_NAME = "$(TARGET_NAME)";
				REGISTER_APP_GROUPS = YES;
				SDKROOT = macosx;
				STRING_CATALOG_GENERATE_SYMBOLS = YES;
				SWIFT_APPROACHABLE_CONCURRENCY = YES;
				SWIFT_DEFAULT_ACTOR_ISOLATION = MainActor;
				SWIFT_EMIT_LOC_STRINGS = YES;
				SWIFT_UPCOMING_FEATURE_MEMBER_IMPORT_VISIBILITY = YES;
				SWIFT_VERSION = 5.0;
			};
			name = Debug;
		};
		F91370F42E552D080030E98D /* Release */ = {
			isa = XCBuildConfiguration;
			buildSettings = {
				ASSETCATALOG_COMPILER_APPICON_NAME = AppIcon;
				ASSETCATALOG_COMPILER_GLOBAL_ACCENT_COLOR_NAME = AccentColor;
				"CODE_SIGN_IDENTITY[sdk=macosx*]" = "Apple Development";
				CODE_SIGN_STYLE = Automatic;
				COMBINE_HIDPI_IMAGES = YES;
				CURRENT_PROJECT_VERSION = 11;
				DEVELOPMENT_TEAM = DZT7WAAW32;
				ENABLE_APP_SANDBOX = YES;
				ENABLE_HARDENED_RUNTIME = YES;
				ENABLE_PREVIEWS = YES;
				ENABLE_USER_SELECTED_FILES = readonly;
				GENERATE_INFOPLIST_FILE = YES;
				INFOPLIST_FILE = "BleyLog-for-Mac-Info.plist";
				INFOPLIST_KEY_CFBundleDisplayName = BleyLog;
				INFOPLIST_KEY_ITSAppUsesNonExemptEncryption = NO;
				INFOPLIST_KEY_NSHumanReadableCopyright = "Developed by Radoslav Bley";
				LD_RUNPATH_SEARCH_PATHS = (
					"$(inherited)",
					"@executable_path/../Frameworks",
				);
				MACOSX_DEPLOYMENT_TARGET = 15.6;
				MARKETING_VERSION = 1.0;
				PRODUCT_BUNDLE_IDENTIFIER = "com.radoslavbley.BleyLog-for-Mac";
				PRODUCT_NAME = "$(TARGET_NAME)";
				REGISTER_APP_GROUPS = YES;
				SDKROOT = macosx;
				STRING_CATALOG_GENERATE_SYMBOLS = YES;
				SWIFT_APPROACHABLE_CONCURRENCY = YES;
				SWIFT_DEFAULT_ACTOR_ISOLATION = MainActor;
				SWIFT_EMIT_LOC_STRINGS = YES;
				SWIFT_UPCOMING_FEATURE_MEMBER_IMPORT_VISIBILITY = YES;
				SWIFT_VERSION = 5.0;
			};
			name = Release;
		};
		F94692102E49185C009E637D /* Debug */ = {
			isa = XCBuildConfiguration;
			buildSettings = {
				ALWAYS_SEARCH_USER_PATHS = NO;
				ASSETCATALOG_COMPILER_GENERATE_SWIFT_ASSET_SYMBOL_EXTENSIONS = YES;
				CLANG_ANALYZER_NONNULL = YES;
				CLANG_ANALYZER_NUMBER_OBJECT_CONVERSION = YES_AGGRESSIVE;
				CLANG_CXX_LANGUAGE_STANDARD = "gnu++20";
				CLANG_ENABLE_MODULES = YES;
				CLANG_ENABLE_OBJC_ARC = YES;
				CLANG_ENABLE_OBJC_WEAK = YES;
				CLANG_WARN_BLOCK_CAPTURE_AUTORELEASING = YES;
				CLANG_WARN_BOOL_CONVERSION = YES;
				CLANG_WARN_COMMA = YES;
				CLANG_WARN_CONSTANT_CONVERSION = YES;
				CLANG_WARN_DEPRECATED_OBJC_IMPLEMENTATIONS = YES;
				CLANG_WARN_DIRECT_OBJC_ISA_USAGE = YES_ERROR;
				CLANG_WARN_DOCUMENTATION_COMMENTS = YES;
				CLANG_WARN_EMPTY_BODY = YES;
				CLANG_WARN_ENUM_CONVERSION = YES;
				CLANG_WARN_INFINITE_RECURSION = YES;
				CLANG_WARN_INT_CONVERSION = YES;
				CLANG_WARN_NON_LITERAL_NULL_CONVERSION = YES;
				CLANG_WARN_OBJC_IMPLICIT_RETAIN_SELF = YES;
				CLANG_WARN_OBJC_LITERAL_CONVERSION = YES;
				CLANG_WARN_OBJC_ROOT_CLASS = YES_ERROR;
				CLANG_WARN_QUOTED_INCLUDE_IN_FRAMEWORK_HEADER = YES;
				CLANG_WARN_RANGE_LOOP_ANALYSIS = YES;
				CLANG_WARN_STRICT_PROTOTYPES = YES;
				CLANG_WARN_SUSPICIOUS_MOVE = YES;
				CLANG_WARN_UNGUARDED_AVAILABILITY = YES_AGGRESSIVE;
				CLANG_WARN_UNREACHABLE_CODE = YES;
				CLANG_WARN__DUPLICATE_METHOD_MATCH = YES;
				COPY_PHASE_STRIP = NO;
				DEAD_CODE_STRIPPING = YES;
				DEBUG_INFORMATION_FORMAT = dwarf;
				DEVELOPMENT_TEAM = DZT7WAAW32;
				ENABLE_STRICT_OBJC_MSGSEND = YES;
				ENABLE_TESTABILITY = YES;
				ENABLE_USER_SCRIPT_SANDBOXING = YES;
				GCC_C_LANGUAGE_STANDARD = gnu17;
				GCC_DYNAMIC_NO_PIC = NO;
				GCC_NO_COMMON_BLOCKS = YES;
				GCC_OPTIMIZATION_LEVEL = 0;
				GCC_PREPROCESSOR_DEFINITIONS = (
					"DEBUG=1",
					"$(inherited)",
				);
				GCC_WARN_64_TO_32_BIT_CONVERSION = YES;
				GCC_WARN_ABOUT_RETURN_TYPE = YES_ERROR;
				GCC_WARN_UNDECLARED_SELECTOR = YES;
				GCC_WARN_UNINITIALIZED_AUTOS = YES_AGGRESSIVE;
				GCC_WARN_UNUSED_FUNCTION = YES;
				GCC_WARN_UNUSED_VARIABLE = YES;
				LOCALIZATION_PREFERS_STRING_CATALOGS = YES;
				MTL_ENABLE_DEBUG_INFO = INCLUDE_SOURCE;
				MTL_FAST_MATH = YES;
				ONLY_ACTIVE_ARCH = YES;
				STRING_CATALOG_GENERATE_SYMBOLS = YES;
				SWIFT_ACTIVE_COMPILATION_CONDITIONS = "DEBUG $(inherited)";
				SWIFT_OPTIMIZATION_LEVEL = "-Onone";
			};
			name = Debug;
		};
		F94692112E49185C009E637D /* Release */ = {
			isa = XCBuildConfiguration;
			buildSettings = {
				ALWAYS_SEARCH_USER_PATHS = NO;
				ASSETCATALOG_COMPILER_GENERATE_SWIFT_ASSET_SYMBOL_EXTENSIONS = YES;
				CLANG_ANALYZER_NONNULL = YES;
				CLANG_ANALYZER_NUMBER_OBJECT_CONVERSION = YES_AGGRESSIVE;
				CLANG_CXX_LANGUAGE_STANDARD = "gnu++20";
				CLANG_ENABLE_MODULES = YES;
				CLANG_ENABLE_OBJC_ARC = YES;
				CLANG_ENABLE_OBJC_WEAK = YES;
				CLANG_WARN_BLOCK_CAPTURE_AUTORELEASING = YES;
				CLANG_WARN_BOOL_CONVERSION = YES;
				CLANG_WARN_COMMA = YES;
				CLANG_WARN_CONSTANT_CONVERSION = YES;
				CLANG_WARN_DEPRECATED_OBJC_IMPLEMENTATIONS = YES;
				CLANG_WARN_DIRECT_OBJC_ISA_USAGE = YES_ERROR;
				CLANG_WARN_DOCUMENTATION_COMMENTS = YES;
				CLANG_WARN_EMPTY_BODY = YES;
				CLANG_WARN_ENUM_CONVERSION = YES;
				CLANG_WARN_INFINITE_RECURSION = YES;
				CLANG_WARN_INT_CONVERSION = YES;
				CLANG_WARN_NON_LITERAL_NULL_CONVERSION = YES;
				CLANG_WARN_OBJC_IMPLICIT_RETAIN_SELF = YES;
				CLANG_WARN_OBJC_LITERAL_CONVERSION = YES;
				CLANG_WARN_OBJC_ROOT_CLASS = YES_ERROR;
				CLANG_WARN_QUOTED_INCLUDE_IN_FRAMEWORK_HEADER = YES;
				CLANG_WARN_RANGE_LOOP_ANALYSIS = YES;
				CLANG_WARN_STRICT_PROTOTYPES = YES;
				CLANG_WARN_SUSPICIOUS_MOVE = YES;
				CLANG_WARN_UNGUARDED_AVAILABILITY = YES_AGGRESSIVE;
				CLANG_WARN_UNREACHABLE_CODE = YES;
				CLANG_WARN__DUPLICATE_METHOD_MATCH = YES;
				COPY_PHASE_STRIP = NO;
				DEAD_CODE_STRIPPING = YES;
				DEBUG_INFORMATION_FORMAT = "dwarf-with-dsym";
				DEVELOPMENT_TEAM = DZT7WAAW32;
				ENABLE_NS_ASSERTIONS = NO;
				ENABLE_STRICT_OBJC_MSGSEND = YES;
				ENABLE_USER_SCRIPT_SANDBOXING = YES;
				GCC_C_LANGUAGE_STANDARD = gnu17;
				GCC_NO_COMMON_BLOCKS = YES;
				GCC_WARN_64_TO_32_BIT_CONVERSION = YES;
				GCC_WARN_ABOUT_RETURN_TYPE = YES_ERROR;
				GCC_WARN_UNDECLARED_SELECTOR = YES;
				GCC_WARN_UNINITIALIZED_AUTOS = YES_AGGRESSIVE;
				GCC_WARN_UNUSED_FUNCTION = YES;
				GCC_WARN_UNUSED_VARIABLE = YES;
				LOCALIZATION_PREFERS_STRING_CATALOGS = YES;
				MTL_ENABLE_DEBUG_INFO = NO;
				MTL_FAST_MATH = YES;
				STRING_CATALOG_GENERATE_SYMBOLS = YES;
				SWIFT_COMPILATION_MODE = wholemodule;
			};
			name = Release;
		};
		F94692132E49185C009E637D /* Debug */ = {
			isa = XCBuildConfiguration;
			buildSettings = {
				ASSETCATALOG_COMPILER_APPICON_NAME = AppIcon;
				ASSETCATALOG_COMPILER_GLOBAL_ACCENT_COLOR_NAME = AccentColor;
				CODE_SIGN_ENTITLEMENTS = BleyLog/BleyLog.entitlements;
				CODE_SIGN_IDENTITY = "Apple Development";
				CODE_SIGN_STYLE = Automatic;
				CURRENT_PROJECT_VERSION = 11;
				DEAD_CODE_STRIPPING = YES;
				DEVELOPMENT_TEAM = DZT7WAAW32;
				ENABLE_APP_SANDBOX = YES;
				ENABLE_HARDENED_RUNTIME = YES;
				ENABLE_PREVIEWS = YES;
				ENABLE_USER_SELECTED_FILES = readonly;
				GENERATE_INFOPLIST_FILE = YES;
				INFOPLIST_FILE = BleyLog/Info.plist;
				INFOPLIST_KEY_CFBundleDisplayName = BleyLog;
				INFOPLIST_KEY_ITSAppUsesNonExemptEncryption = NO;
				INFOPLIST_KEY_LSApplicationCategoryType = "public.app-category.utilities";
				"INFOPLIST_KEY_UIApplicationSceneManifest_Generation[sdk=iphoneos*]" = YES;
				"INFOPLIST_KEY_UIApplicationSceneManifest_Generation[sdk=iphonesimulator*]" = YES;
				"INFOPLIST_KEY_UIApplicationSupportsIndirectInputEvents[sdk=iphoneos*]" = YES;
				"INFOPLIST_KEY_UIApplicationSupportsIndirectInputEvents[sdk=iphonesimulator*]" = YES;
				"INFOPLIST_KEY_UILaunchScreen_Generation[sdk=iphoneos*]" = YES;
				"INFOPLIST_KEY_UILaunchScreen_Generation[sdk=iphonesimulator*]" = YES;
				"INFOPLIST_KEY_UIStatusBarStyle[sdk=iphoneos*]" = UIStatusBarStyleDefault;
				"INFOPLIST_KEY_UIStatusBarStyle[sdk=iphonesimulator*]" = UIStatusBarStyleDefault;
				INFOPLIST_KEY_UISupportedInterfaceOrientations_iPad = "UIInterfaceOrientationPortrait UIInterfaceOrientationPortraitUpsideDown UIInterfaceOrientationLandscapeLeft UIInterfaceOrientationLandscapeRight";
				INFOPLIST_KEY_UISupportedInterfaceOrientations_iPhone = "UIInterfaceOrientationPortrait UIInterfaceOrientationLandscapeLeft UIInterfaceOrientationLandscapeRight";
				IPHONEOS_DEPLOYMENT_TARGET = 18.5;
				LD_RUNPATH_SEARCH_PATHS = "@executable_path/Frameworks";
				"LD_RUNPATH_SEARCH_PATHS[sdk=macosx*]" = "@executable_path/../Frameworks";
				MACOSX_DEPLOYMENT_TARGET = 15.5;
				MARKETING_VERSION = 1.0;
				PRODUCT_BUNDLE_IDENTIFIER = com.radoslavbley.BleyLog;
				PRODUCT_NAME = "$(TARGET_NAME)";
				PROVISIONING_PROFILE_SPECIFIER = "";
				REGISTER_APP_GROUPS = YES;
				SDKROOT = auto;
				SUPPORTED_PLATFORMS = "iphoneos iphonesimulator";
				SUPPORTS_MACCATALYST = NO;
				SWIFT_EMIT_LOC_STRINGS = YES;
				SWIFT_VERSION = 5.0;
				TARGETED_DEVICE_FAMILY = "1,2";
				TVOS_DEPLOYMENT_TARGET = 26.0;
				XROS_DEPLOYMENT_TARGET = 2.5;
			};
			name = Debug;
		};
		F94692142E49185C009E637D /* Release */ = {
			isa = XCBuildConfiguration;
			buildSettings = {
				ASSETCATALOG_COMPILER_APPICON_NAME = AppIcon;
				ASSETCATALOG_COMPILER_GLOBAL_ACCENT_COLOR_NAME = AccentColor;
				CODE_SIGN_ENTITLEMENTS = BleyLog/BleyLog.entitlements;
				CODE_SIGN_IDENTITY = "Apple Development";
				CODE_SIGN_STYLE = Automatic;
				CURRENT_PROJECT_VERSION = 11;
				DEAD_CODE_STRIPPING = YES;
				DEVELOPMENT_TEAM = DZT7WAAW32;
				ENABLE_APP_SANDBOX = YES;
				ENABLE_HARDENED_RUNTIME = YES;
				ENABLE_PREVIEWS = YES;
				ENABLE_USER_SELECTED_FILES = readonly;
				GENERATE_INFOPLIST_FILE = YES;
				INFOPLIST_FILE = BleyLog/Info.plist;
				INFOPLIST_KEY_CFBundleDisplayName = BleyLog;
				INFOPLIST_KEY_ITSAppUsesNonExemptEncryption = NO;
				INFOPLIST_KEY_LSApplicationCategoryType = "public.app-category.utilities";
				"INFOPLIST_KEY_UIApplicationSceneManifest_Generation[sdk=iphoneos*]" = YES;
				"INFOPLIST_KEY_UIApplicationSceneManifest_Generation[sdk=iphonesimulator*]" = YES;
				"INFOPLIST_KEY_UIApplicationSupportsIndirectInputEvents[sdk=iphoneos*]" = YES;
				"INFOPLIST_KEY_UIApplicationSupportsIndirectInputEvents[sdk=iphonesimulator*]" = YES;
				"INFOPLIST_KEY_UILaunchScreen_Generation[sdk=iphoneos*]" = YES;
				"INFOPLIST_KEY_UILaunchScreen_Generation[sdk=iphonesimulator*]" = YES;
				"INFOPLIST_KEY_UIStatusBarStyle[sdk=iphoneos*]" = UIStatusBarStyleDefault;
				"INFOPLIST_KEY_UIStatusBarStyle[sdk=iphonesimulator*]" = UIStatusBarStyleDefault;
				INFOPLIST_KEY_UISupportedInterfaceOrientations_iPad = "UIInterfaceOrientationPortrait UIInterfaceOrientationPortraitUpsideDown UIInterfaceOrientationLandscapeLeft UIInterfaceOrientationLandscapeRight";
				INFOPLIST_KEY_UISupportedInterfaceOrientations_iPhone = "UIInterfaceOrientationPortrait UIInterfaceOrientationLandscapeLeft UIInterfaceOrientationLandscapeRight";
				IPHONEOS_DEPLOYMENT_TARGET = 18.5;
				LD_RUNPATH_SEARCH_PATHS = "@executable_path/Frameworks";
				"LD_RUNPATH_SEARCH_PATHS[sdk=macosx*]" = "@executable_path/../Frameworks";
				MACOSX_DEPLOYMENT_TARGET = 15.5;
				MARKETING_VERSION = 1.0;
				PRODUCT_BUNDLE_IDENTIFIER = com.radoslavbley.BleyLog;
				PRODUCT_NAME = "$(TARGET_NAME)";
				PROVISIONING_PROFILE_SPECIFIER = "";
				REGISTER_APP_GROUPS = YES;
				SDKROOT = auto;
				SUPPORTED_PLATFORMS = "iphoneos iphonesimulator";
				SUPPORTS_MACCATALYST = NO;
				SWIFT_EMIT_LOC_STRINGS = YES;
				SWIFT_VERSION = 5.0;
				TARGETED_DEVICE_FAMILY = "1,2";
				TVOS_DEPLOYMENT_TARGET = 26.0;
				XROS_DEPLOYMENT_TARGET = 2.5;
			};
			name = Release;
		};
/* End XCBuildConfiguration section */

/* Begin XCConfigurationList section */
		F91370C42E551EE10030E98D /* Build configuration list for PBXNativeTarget "BleyLog for watchOS" */ = {
			isa = XCConfigurationList;
			buildConfigurations = (
				F91370C52E551EE10030E98D /* Debug */,
				F91370C62E551EE10030E98D /* Release */,
			);
			defaultConfigurationIsVisible = 0;
			defaultConfigurationName = Release;
		};
		F91370F22E552D080030E98D /* Build configuration list for PBXNativeTarget "BleyLog for Mac" */ = {
			isa = XCConfigurationList;
			buildConfigurations = (
				F91370F32E552D080030E98D /* Debug */,
				F91370F42E552D080030E98D /* Release */,
			);
			defaultConfigurationIsVisible = 0;
			defaultConfigurationName = Release;
		};
		F94692012E49185A009E637D /* Build configuration list for PBXProject "BleyLog" */ = {
			isa = XCConfigurationList;
			buildConfigurations = (
				F94692102E49185C009E637D /* Debug */,
				F94692112E49185C009E637D /* Release */,
			);
			defaultConfigurationIsVisible = 0;
			defaultConfigurationName = Release;
		};
		F94692122E49185C009E637D /* Build configuration list for PBXNativeTarget "BleyLog" */ = {
			isa = XCConfigurationList;
			buildConfigurations = (
				F94692132E49185C009E637D /* Debug */,
				F94692142E49185C009E637D /* Release */,
			);
			defaultConfigurationIsVisible = 0;
			defaultConfigurationName = Release;
		};
/* End XCConfigurationList section */
	};
	rootObject = F94691FE2E49185A009E637D /* Project object */;
}
