{
  "originHash" : "1d8eb460c65130acf715365a2e5fdaca1ffb8d434666e9293319b78001628a57",
  "pins" : [
    {
      "identity" : "highlightswift",
      "kind" : "remoteSourceControl",
      "location" : "https://github.com/appstefan/highlightswift",
      "state" : {
        "revision" : "784ca3ccfc8a2cf724fbb2f06cb6ec3329424da3",
        "version" : "1.1.0"
      }
    }
  ],
  "version" : 3
}
